
Microsoft Visual Studio Solution File, Format Version 12.00
# Visual Studio Version 17
VisualStudioVersion = 17.11.35222.181
MinimumVisualStudioVersion = 10.0.40219.1
Project("{F184B08F-C81C-45F6-A57F-5ABD9991F28F}") = "Prelim_Exercise3_EnterName_Sumalinog", "Prelim_Exercise3_EnterName_Sumalinog\Prelim_Exercise3_EnterName_Sumalinog.vbproj", "{0E8B7B87-F838-4608-941B-180EEC335C4A}"
EndProject
Global
	GlobalSection(SolutionConfigurationPlatforms) = preSolution
		Debug|Any CPU = Debug|Any CPU
		Release|Any CPU = Release|Any CPU
	EndGlobalSection
	GlobalSection(ProjectConfigurationPlatforms) = postSolution
		{0E8B7B87-F838-4608-941B-180EEC335C4A}.Debug|Any CPU.ActiveCfg = Debug|Any CPU
		{0E8B7B87-F838-4608-941B-180EEC335C4A}.Debug|Any CPU.Build.0 = Debug|Any CPU
		{0E8B7B87-F838-4608-941B-180EEC335C4A}.Release|Any CPU.ActiveCfg = Release|Any CPU
		{0E8B7B87-F838-4608-941B-180EEC335C4A}.Release|Any CPU.Build.0 = Release|Any CPU
	EndGlobalSection
	GlobalSection(SolutionProperties) = preSolution
		HideSolutionNode = FALSE
	EndGlobalSection
	GlobalSection(ExtensibilityGlobals) = postSolution
		SolutionGuid = {479D71D8-B8BA-4568-9042-F417CC7F5FFB}
	EndGlobalSection
EndGlobal
